
Microsoft Visual Studio Solution File, Format Version 12.00
# Visual Studio Version 17
VisualStudioVersion = 17.0.32112.339
MinimumVisualStudioVersion = 10.0.40219.1
Project("{F184B08F-C81C-45F6-A57F-5ABD9991F28F}") = "Minesweeper", "Minesweeper\Minesweeper.vbproj", "{F15358C2-E0A6-4D6D-9838-54C8EED286FA}"
EndProject
Global
	GlobalSection(SolutionConfigurationPlatforms) = preSolution
		Debug|Any CPU = Debug|Any CPU
		Release|Any CPU = Release|Any CPU
	EndGlobalSection
	GlobalSection(ProjectConfigurationPlatforms) = postSolution
		{F15358C2-E0A6-4D6D-9838-54C8EED286FA}.Debug|Any CPU.ActiveCfg = Debug|Any CPU
		{F15358C2-E0A6-4D6D-9838-54C8EED286FA}.Debug|Any CPU.Build.0 = Debug|Any CPU
		{F15358C2-E0A6-4D6D-9838-54C8EED286FA}.Release|Any CPU.ActiveCfg = Release|Any CPU
		{F15358C2-E0A6-4D6D-9838-54C8EED286FA}.Release|Any CPU.Build.0 = Release|Any CPU
	EndGlobalSection
	GlobalSection(SolutionProperties) = preSolution
		HideSolutionNode = FALSE
	EndGlobalSection
	GlobalSection(ExtensibilityGlobals) = postSolution
		SolutionGuid = {1C3BE245-6A96-45A8-B531-36E044CC6354}
	EndGlobalSection
EndGlobal
